
Microsoft Visual Studio Solution File, Format Version 12.00
# Visual Studio 15
Project("{FAE04EC0-301F-11D3-BF4B-00C04F79EFBC}") = "Assembly-CSharp", "Assembly-CSharp.csproj", "{7022BC27-CEC7-E68F-84D6-C1FDE28A6EFB}"
EndProject
Project("{FAE04EC0-301F-11D3-BF4B-00C04F79EFBC}") = "Assembly-CSharp-Editor", "Assembly-CSharp-Editor.csproj", "{DAE2057B-8EEB-CDC6-0734-B4F26A6255FE}"
EndProject
Global
	GlobalSection(SolutionConfigurationPlatforms) = preSolution
		Debug|Any CPU = Debug|Any CPU
		Release|Any CPU = Release|Any CPU
	EndGlobalSection
	GlobalSection(ProjectConfigurationPlatforms) = postSolution
		{7022BC27-CEC7-E68F-84D6-C1FDE28A6EFB}.Debug|Any CPU.ActiveCfg = Debug|Any CPU
		{7022BC27-CEC7-E68F-84D6-C1FDE28A6EFB}.Debug|Any CPU.Build.0 = Debug|Any CPU
		{7022BC27-CEC7-E68F-84D6-C1FDE28A6EFB}.Release|Any CPU.ActiveCfg = Release|Any CPU
		{7022BC27-CEC7-E68F-84D6-C1FDE28A6EFB}.Release|Any CPU.Build.0 = Release|Any CPU
		{DAE2057B-8EEB-CDC6-0734-B4F26A6255FE}.Debug|Any CPU.ActiveCfg = Debug|Any CPU
		{DAE2057B-8EEB-CDC6-0734-B4F26A6255FE}.Debug|Any CPU.Build.0 = Debug|Any CPU
		{DAE2057B-8EEB-CDC6-0734-B4F26A6255FE}.Release|Any CPU.ActiveCfg = Release|Any CPU
		{DAE2057B-8EEB-CDC6-0734-B4F26A6255FE}.Release|Any CPU.Build.0 = Release|Any CPU
	EndGlobalSection
	GlobalSection(SolutionProperties) = preSolution
		HideSolutionNode = FALSE
	EndGlobalSection
EndGlobal
